{
  "name": "nodejs",
  "version": "1.0.0",
  "lockfileVersion": 2,
  "requires": true,
  "packages": {
    "": {
      "version": "1.0.0",
      "license": "ISC",
      "dependencies": {
        "jose-node-cjs-runtime": "^3.14.3"
      }
    },
    "node_modules/jose-node-cjs-runtime": {
      "version": "3.14.3",
      "resolved": "https://registry.npmjs.org/jose-node-cjs-runtime/-/jose-node-cjs-runtime-3.14.3.tgz",
      "integrity": "sha512-RxxUtPjZpUaJw+hRSP2flCFvXamcvpTwkcr2AwOKxpijBI40xJFVz5PSlf+nP+/lXPdPVBNs1wuIq+L71Tm0fQ==",
      "funding": {
        "url": "https://github.com/sponsors/panva"
      }
    }
  },
  "dependencies": {
    "jose-node-cjs-runtime": {
      "version": "3.14.3",
      "resolved": "https://registry.npmjs.org/jose-node-cjs-runtime/-/jose-node-cjs-runtime-3.14.3.tgz",
      "integrity": "sha512-RxxUtPjZpUaJw+hRSP2flCFvXamcvpTwkcr2AwOKxpijBI40xJFVz5PSlf+nP+/lXPdPVBNs1wuIq+L71Tm0fQ=="
    }
  }
}
